
Microsoft Visual Studio Solution File, Format Version 12.00
# Visual Studio Version 17
VisualStudioVersion = 17.10.35122.118
MinimumVisualStudioVersion = 10.0.40219.1
Project("{9A19103F-16F7-4668-BE54-9A1E7A4F7556}") = "Round.NET.WebServer", "Round.NET.WebServer\Round.NET.WebServer.csproj", "{842C630D-CC4C-422E-8025-F42AAF17A692}"
EndProject
Global
	GlobalSection(SolutionConfigurationPlatforms) = preSolution
		Debug|Any CPU = Debug|Any CPU
		Release|Any CPU = Release|Any CPU
	EndGlobalSection
	GlobalSection(ProjectConfigurationPlatforms) = postSolution
		{842C630D-CC4C-422E-8025-F42AAF17A692}.Debug|Any CPU.ActiveCfg = Debug|Any CPU
		{842C630D-CC4C-422E-8025-F42AAF17A692}.Debug|Any CPU.Build.0 = Debug|Any CPU
		{842C630D-CC4C-422E-8025-F42AAF17A692}.Release|Any CPU.ActiveCfg = Release|Any CPU
		{842C630D-CC4C-422E-8025-F42AAF17A692}.Release|Any CPU.Build.0 = Release|Any CPU
	EndGlobalSection
	GlobalSection(SolutionProperties) = preSolution
		HideSolutionNode = FALSE
	EndGlobalSection
	GlobalSection(ExtensibilityGlobals) = postSolution
		SolutionGuid = {EC418566-C33C-4DFC-BD2A-E019AEEBF968}
	EndGlobalSection
EndGlobal
